// !$*UTF8*$!
{
	archiveVersion = 1;
	classes = {
	};
	objectVersion = 56;
	objects = {

/* Begin PBXBuildFile section */
		4C584E262C9041D1008275B3 /* GraphView.swift in Sources */ = {isa = PBXBuildFile; fileRef = 4C584E252C9041D1008275B3 /* GraphView.swift */; };
		4C584E282C907CB1008275B3 /* SelectionHandleHandler.swift in Sources */ = {isa = PBXBuildFile; fileRef = 4C584E272C907CB1008275B3 /* SelectionHandleHandler.swift */; };
		4C584E2E2C907D86008275B3 /* GraphViewModel.swift in Sources */ = {isa = PBXBuildFile; fileRef = 4C584E2D2C907D86008275B3 /* GraphViewModel.swift */; };
		4C584E302C907E2C008275B3 /* SymbolsListView.swift in Sources */ = {isa = PBXBuildFile; fileRef = 4C584E2F2C907E2C008275B3 /* SymbolsListView.swift */; };
		4C584E362C91825A008275B3 /* DragState.swift in Sources */ = {isa = PBXBuildFile; fileRef = 4C584E352C91825A008275B3 /* DragState.swift */; };
		4C584E382C918287008275B3 /* SelectionState.swift in Sources */ = {isa = PBXBuildFile; fileRef = 4C584E372C918287008275B3 /* SelectionState.swift */; };
		4C584E3A2C919ED6008275B3 /* ZoomState.swift in Sources */ = {isa = PBXBuildFile; fileRef = 4C584E392C919ED6008275B3 /* ZoomState.swift */; };
		4C584E3C2C91BDA8008275B3 /* MoveState.swift in Sources */ = {isa = PBXBuildFile; fileRef = 4C584E3B2C91BDA8008275B3 /* MoveState.swift */; };
		4C584E3E2C91C0EF008275B3 /* LasoSelectionState.swift in Sources */ = {isa = PBXBuildFile; fileRef = 4C584E3D2C91C0EF008275B3 /* LasoSelectionState.swift */; };
		4C584E402C92CF2E008275B3 /* ResizeState.swift in Sources */ = {isa = PBXBuildFile; fileRef = 4C584E3F2C92CF2E008275B3 /* ResizeState.swift */; };
		4C584E452C92F89B008275B3 /* CommandManager.swift in Sources */ = {isa = PBXBuildFile; fileRef = 4C584E442C92F89B008275B3 /* CommandManager.swift */; };
		4C584E472C9315F6008275B3 /* Sequence.swift in Sources */ = {isa = PBXBuildFile; fileRef = 4C584E462C9315F6008275B3 /* Sequence.swift */; };
		4C584E492C931A57008275B3 /* AddSymbolCommand.swift in Sources */ = {isa = PBXBuildFile; fileRef = 4C584E482C931A57008275B3 /* AddSymbolCommand.swift */; };
		4C584E4B2C931FB6008275B3 /* MoveSymbolsCommand.swift in Sources */ = {isa = PBXBuildFile; fileRef = 4C584E4A2C931FB6008275B3 /* MoveSymbolsCommand.swift */; };
		4C584E4D2C941A0B008275B3 /* DeleteCommand.swift in Sources */ = {isa = PBXBuildFile; fileRef = 4C584E4C2C941A0B008275B3 /* DeleteCommand.swift */; };
		4C584E4F2C9423E6008275B3 /* ResizeCommand.swift in Sources */ = {isa = PBXBuildFile; fileRef = 4C584E4E2C9423E6008275B3 /* ResizeCommand.swift */; };
		4C584E512C9427C3008275B3 /* Constants.swift in Sources */ = {isa = PBXBuildFile; fileRef = 4C584E502C9427C3008275B3 /* Constants.swift */; };
		4C7FADC82C81C4AE00C0C6F5 /* GraphEditorSuiApp.swift in Sources */ = {isa = PBXBuildFile; fileRef = 4C7FADC72C81C4AE00C0C6F5 /* GraphEditorSuiApp.swift */; };
		4C7FADCA2C81C4AE00C0C6F5 /* ContentView.swift in Sources */ = {isa = PBXBuildFile; fileRef = 4C7FADC92C81C4AE00C0C6F5 /* ContentView.swift */; };
		4C7FADCC2C81C4AF00C0C6F5 /* Assets.xcassets in Resources */ = {isa = PBXBuildFile; fileRef = 4C7FADCB2C81C4AF00C0C6F5 /* Assets.xcassets */; };
		4C7FADCF2C81C4AF00C0C6F5 /* Preview Assets.xcassets in Resources */ = {isa = PBXBuildFile; fileRef = 4C7FADCE2C81C4AF00C0C6F5 /* Preview Assets.xcassets */; };
		4C7FADD92C81C4AF00C0C6F5 /* GraphEditorSuiTests.swift in Sources */ = {isa = PBXBuildFile; fileRef = 4C7FADD82C81C4AF00C0C6F5 /* GraphEditorSuiTests.swift */; };
		4C7FADE32C81C4AF00C0C6F5 /* GraphEditorSuiUITests.swift in Sources */ = {isa = PBXBuildFile; fileRef = 4C7FADE22C81C4AF00C0C6F5 /* GraphEditorSuiUITests.swift */; };
		4C7FADE52C81C4AF00C0C6F5 /* GraphEditorSuiUITestsLaunchTests.swift in Sources */ = {isa = PBXBuildFile; fileRef = 4C7FADE42C81C4AF00C0C6F5 /* GraphEditorSuiUITestsLaunchTests.swift */; };
		4C7FADF22C81C58700C0C6F5 /* CGGeometry.swift in Sources */ = {isa = PBXBuildFile; fileRef = 4C7FADF12C81C58700C0C6F5 /* CGGeometry.swift */; };
		4C7FADF42C81E79C00C0C6F5 /* SelectionModel.swift in Sources */ = {isa = PBXBuildFile; fileRef = 4C7FADF32C81E79C00C0C6F5 /* SelectionModel.swift */; };
		4C7FADF62C85E56D00C0C6F5 /* StateMachine.swift in Sources */ = {isa = PBXBuildFile; fileRef = 4C7FADF52C85E56D00C0C6F5 /* StateMachine.swift */; };
/* End PBXBuildFile section */

/* Begin PBXContainerItemProxy section */
		4C7FADD52C81C4AF00C0C6F5 /* PBXContainerItemProxy */ = {
			isa = PBXContainerItemProxy;
			containerPortal = 4C7FADBC2C81C4AE00C0C6F5 /* Project object */;
			proxyType = 1;
			remoteGlobalIDString = 4C7FADC32C81C4AE00C0C6F5;
			remoteInfo = GraphEditorSui;
		};
		4C7FADDF2C81C4AF00C0C6F5 /* PBXContainerItemProxy */ = {
			isa = PBXContainerItemProxy;
			containerPortal = 4C7FADBC2C81C4AE00C0C6F5 /* Project object */;
			proxyType = 1;
			remoteGlobalIDString = 4C7FADC32C81C4AE00C0C6F5;
			remoteInfo = GraphEditorSui;
		};
/* End PBXContainerItemProxy section */

/* Begin PBXFileReference section */
		4C584E252C9041D1008275B3 /* GraphView.swift */ = {isa = PBXFileReference; lastKnownFileType = sourcecode.swift; path = GraphView.swift; sourceTree = "<group>"; };
		4C584E272C907CB1008275B3 /* SelectionHandleHandler.swift */ = {isa = PBXFileReference; lastKnownFileType = sourcecode.swift; path = SelectionHandleHandler.swift; sourceTree = "<group>"; };
		4C584E2D2C907D86008275B3 /* GraphViewModel.swift */ = {isa = PBXFileReference; lastKnownFileType = sourcecode.swift; path = GraphViewModel.swift; sourceTree = "<group>"; };
		4C584E2F2C907E2C008275B3 /* SymbolsListView.swift */ = {isa = PBXFileReference; lastKnownFileType = sourcecode.swift; path = SymbolsListView.swift; sourceTree = "<group>"; };
		4C584E352C91825A008275B3 /* DragState.swift */ = {isa = PBXFileReference; lastKnownFileType = sourcecode.swift; path = DragState.swift; sourceTree = "<group>"; };
		4C584E372C918287008275B3 /* SelectionState.swift */ = {isa = PBXFileReference; lastKnownFileType = sourcecode.swift; path = SelectionState.swift; sourceTree = "<group>"; };
		4C584E392C919ED6008275B3 /* ZoomState.swift */ = {isa = PBXFileReference; lastKnownFileType = sourcecode.swift; path = ZoomState.swift; sourceTree = "<group>"; };
		4C584E3B2C91BDA8008275B3 /* MoveState.swift */ = {isa = PBXFileReference; lastKnownFileType = sourcecode.swift; path = MoveState.swift; sourceTree = "<group>"; };
		4C584E3D2C91C0EF008275B3 /* LasoSelectionState.swift */ = {isa = PBXFileReference; lastKnownFileType = sourcecode.swift; path = LasoSelectionState.swift; sourceTree = "<group>"; };
		4C584E3F2C92CF2E008275B3 /* ResizeState.swift */ = {isa = PBXFileReference; lastKnownFileType = sourcecode.swift; path = ResizeState.swift; sourceTree = "<group>"; };
		4C584E442C92F89B008275B3 /* CommandManager.swift */ = {isa = PBXFileReference; lastKnownFileType = sourcecode.swift; path = CommandManager.swift; sourceTree = "<group>"; };
		4C584E462C9315F6008275B3 /* Sequence.swift */ = {isa = PBXFileReference; lastKnownFileType = sourcecode.swift; path = Sequence.swift; sourceTree = "<group>"; };
		4C584E482C931A57008275B3 /* AddSymbolCommand.swift */ = {isa = PBXFileReference; lastKnownFileType = sourcecode.swift; path = AddSymbolCommand.swift; sourceTree = "<group>"; };
		4C584E4A2C931FB6008275B3 /* MoveSymbolsCommand.swift */ = {isa = PBXFileReference; lastKnownFileType = sourcecode.swift; path = MoveSymbolsCommand.swift; sourceTree = "<group>"; };
		4C584E4C2C941A0B008275B3 /* DeleteCommand.swift */ = {isa = PBXFileReference; lastKnownFileType = sourcecode.swift; path = DeleteCommand.swift; sourceTree = "<group>"; };
		4C584E4E2C9423E6008275B3 /* ResizeCommand.swift */ = {isa = PBXFileReference; lastKnownFileType = sourcecode.swift; path = ResizeCommand.swift; sourceTree = "<group>"; };
		4C584E502C9427C3008275B3 /* Constants.swift */ = {isa = PBXFileReference; lastKnownFileType = sourcecode.swift; path = Constants.swift; sourceTree = "<group>"; };
		4C7FADC42C81C4AE00C0C6F5 /* GraphEditorSui.app */ = {isa = PBXFileReference; explicitFileType = wrapper.application; includeInIndex = 0; path = GraphEditorSui.app; sourceTree = BUILT_PRODUCTS_DIR; };
		4C7FADC72C81C4AE00C0C6F5 /* GraphEditorSuiApp.swift */ = {isa = PBXFileReference; lastKnownFileType = sourcecode.swift; path = GraphEditorSuiApp.swift; sourceTree = "<group>"; };
		4C7FADC92C81C4AE00C0C6F5 /* ContentView.swift */ = {isa = PBXFileReference; lastKnownFileType = sourcecode.swift; path = ContentView.swift; sourceTree = "<group>"; };
		4C7FADCB2C81C4AF00C0C6F5 /* Assets.xcassets */ = {isa = PBXFileReference; lastKnownFileType = folder.assetcatalog; path = Assets.xcassets; sourceTree = "<group>"; };
		4C7FADCE2C81C4AF00C0C6F5 /* Preview Assets.xcassets */ = {isa = PBXFileReference; lastKnownFileType = folder.assetcatalog; path = "Preview Assets.xcassets"; sourceTree = "<group>"; };
		4C7FADD42C81C4AF00C0C6F5 /* GraphEditorSuiTests.xctest */ = {isa = PBXFileReference; explicitFileType = wrapper.cfbundle; includeInIndex = 0; path = GraphEditorSuiTests.xctest; sourceTree = BUILT_PRODUCTS_DIR; };
		4C7FADD82C81C4AF00C0C6F5 /* GraphEditorSuiTests.swift */ = {isa = PBXFileReference; lastKnownFileType = sourcecode.swift; path = GraphEditorSuiTests.swift; sourceTree = "<group>"; };
		4C7FADDE2C81C4AF00C0C6F5 /* GraphEditorSuiUITests.xctest */ = {isa = PBXFileReference; explicitFileType = wrapper.cfbundle; includeInIndex = 0; path = GraphEditorSuiUITests.xctest; sourceTree = BUILT_PRODUCTS_DIR; };
		4C7FADE22C81C4AF00C0C6F5 /* GraphEditorSuiUITests.swift */ = {isa = PBXFileReference; lastKnownFileType = sourcecode.swift; path = GraphEditorSuiUITests.swift; sourceTree = "<group>"; };
		4C7FADE42C81C4AF00C0C6F5 /* GraphEditorSuiUITestsLaunchTests.swift */ = {isa = PBXFileReference; lastKnownFileType = sourcecode.swift; path = GraphEditorSuiUITestsLaunchTests.swift; sourceTree = "<group>"; };
		4C7FADF12C81C58700C0C6F5 /* CGGeometry.swift */ = {isa = PBXFileReference; lastKnownFileType = sourcecode.swift; path = CGGeometry.swift; sourceTree = "<group>"; };
		4C7FADF32C81E79C00C0C6F5 /* SelectionModel.swift */ = {isa = PBXFileReference; lastKnownFileType = sourcecode.swift; path = SelectionModel.swift; sourceTree = "<group>"; };
		4C7FADF52C85E56D00C0C6F5 /* StateMachine.swift */ = {isa = PBXFileReference; lastKnownFileType = sourcecode.swift; path = StateMachine.swift; sourceTree = "<group>"; };
/* End PBXFileReference section */

/* Begin PBXFrameworksBuildPhase section */
		4C7FADC12C81C4AE00C0C6F5 /* Frameworks */ = {
			isa = PBXFrameworksBuildPhase;
			buildActionMask = 2147483647;
			files = (
			);
			runOnlyForDeploymentPostprocessing = 0;
		};
		4C7FADD12C81C4AF00C0C6F5 /* Frameworks */ = {
			isa = PBXFrameworksBuildPhase;
			buildActionMask = 2147483647;
			files = (
			);
			runOnlyForDeploymentPostprocessing = 0;
		};
		4C7FADDB2C81C4AF00C0C6F5 /* Frameworks */ = {
			isa = PBXFrameworksBuildPhase;
			buildActionMask = 2147483647;
			files = (
			);
			runOnlyForDeploymentPostprocessing = 0;
		};
/* End PBXFrameworksBuildPhase section */

/* Begin PBXGroup section */
		4C584E292C907D30008275B3 /* Model */ = {
			isa = PBXGroup;
			children = (
				4C584E2D2C907D86008275B3 /* GraphViewModel.swift */,
				4C7FADF32C81E79C00C0C6F5 /* SelectionModel.swift */,
			);
			path = Model;
			sourceTree = "<group>";
		};
		4C584E2A2C907D3B008275B3 /* View */ = {
			isa = PBXGroup;
			children = (
				4C584E252C9041D1008275B3 /* GraphView.swift */,
				4C584E272C907CB1008275B3 /* SelectionHandleHandler.swift */,
			);
			path = View;
			sourceTree = "<group>";
		};
		4C584E2B2C907D4A008275B3 /* Util */ = {
			isa = PBXGroup;
			children = (
				4C7FADF12C81C58700C0C6F5 /* CGGeometry.swift */,
				4C584E462C9315F6008275B3 /* Sequence.swift */,
				4C584E502C9427C3008275B3 /* Constants.swift */,
			);
			path = Util;
			sourceTree = "<group>";
		};
		4C584E2C2C907D5E008275B3 /* Main */ = {
			isa = PBXGroup;
			children = (
				4C7FADCB2C81C4AF00C0C6F5 /* Assets.xcassets */,
				4C7FADC72C81C4AE00C0C6F5 /* GraphEditorSuiApp.swift */,
			);
			path = Main;
			sourceTree = "<group>";
		};
		4C584E312C917F23008275B3 /* UI */ = {
			isa = PBXGroup;
			children = (
				4C584E322C917F30008275B3 /* GraphView */,
				4C584E332C917F45008275B3 /* Main */,
			);
			path = UI;
			sourceTree = "<group>";
		};
		4C584E322C917F30008275B3 /* GraphView */ = {
			isa = PBXGroup;
			children = (
				4C584E432C92F88A008275B3 /* Commands */,
				4C584E342C917F70008275B3 /* Controller */,
				4C584E292C907D30008275B3 /* Model */,
				4C584E2A2C907D3B008275B3 /* View */,
			);
			path = GraphView;
			sourceTree = "<group>";
		};
		4C584E332C917F45008275B3 /* Main */ = {
			isa = PBXGroup;
			children = (
				4C7FADC92C81C4AE00C0C6F5 /* ContentView.swift */,
				4C584E2F2C907E2C008275B3 /* SymbolsListView.swift */,
			);
			path = Main;
			sourceTree = "<group>";
		};
		4C584E342C917F70008275B3 /* Controller */ = {
			isa = PBXGroup;
			children = (
				4C584E352C91825A008275B3 /* DragState.swift */,
				4C584E3D2C91C0EF008275B3 /* LasoSelectionState.swift */,
				4C584E3B2C91BDA8008275B3 /* MoveState.swift */,
				4C584E372C918287008275B3 /* SelectionState.swift */,
				4C7FADF52C85E56D00C0C6F5 /* StateMachine.swift */,
				4C584E392C919ED6008275B3 /* ZoomState.swift */,
				4C584E3F2C92CF2E008275B3 /* ResizeState.swift */,
			);
			path = Controller;
			sourceTree = "<group>";
		};
		4C584E432C92F88A008275B3 /* Commands */ = {
			isa = PBXGroup;
			children = (
				4C584E442C92F89B008275B3 /* CommandManager.swift */,
				4C584E4C2C941A0B008275B3 /* DeleteCommand.swift */,
				4C584E482C931A57008275B3 /* AddSymbolCommand.swift */,
				4C584E4A2C931FB6008275B3 /* MoveSymbolsCommand.swift */,
				4C584E4E2C9423E6008275B3 /* ResizeCommand.swift */,
			);
			path = Commands;
			sourceTree = "<group>";
		};
		4C7FADBB2C81C4AE00C0C6F5 = {
			isa = PBXGroup;
			children = (
				4C7FADC62C81C4AE00C0C6F5 /* GraphEditorSui */,
				4C7FADD72C81C4AF00C0C6F5 /* GraphEditorSuiTests */,
				4C7FADE12C81C4AF00C0C6F5 /* GraphEditorSuiUITests */,
				4C7FADC52C81C4AE00C0C6F5 /* Products */,
			);
			sourceTree = "<group>";
		};
		4C7FADC52C81C4AE00C0C6F5 /* Products */ = {
			isa = PBXGroup;
			children = (
				4C7FADC42C81C4AE00C0C6F5 /* GraphEditorSui.app */,
				4C7FADD42C81C4AF00C0C6F5 /* GraphEditorSuiTests.xctest */,
				4C7FADDE2C81C4AF00C0C6F5 /* GraphEditorSuiUITests.xctest */,
			);
			name = Products;
			sourceTree = "<group>";
		};
		4C7FADC62C81C4AE00C0C6F5 /* GraphEditorSui */ = {
			isa = PBXGroup;
			children = (
				4C584E2C2C907D5E008275B3 /* Main */,
				4C7FADCD2C81C4AF00C0C6F5 /* Preview Content */,
				4C584E312C917F23008275B3 /* UI */,
				4C584E2B2C907D4A008275B3 /* Util */,
			);
			path = GraphEditorSui;
			sourceTree = "<group>";
		};
		4C7FADCD2C81C4AF00C0C6F5 /* Preview Content */ = {
			isa = PBXGroup;
			children = (
				4C7FADCE2C81C4AF00C0C6F5 /* Preview Assets.xcassets */,
			);
			path = "Preview Content";
			sourceTree = "<group>";
		};
		4C7FADD72C81C4AF00C0C6F5 /* GraphEditorSuiTests */ = {
			isa = PBXGroup;
			children = (
				4C7FADD82C81C4AF00C0C6F5 /* GraphEditorSuiTests.swift */,
			);
			path = GraphEditorSuiTests;
			sourceTree = "<group>";
		};
		4C7FADE12C81C4AF00C0C6F5 /* GraphEditorSuiUITests */ = {
			isa = PBXGroup;
			children = (
				4C7FADE22C81C4AF00C0C6F5 /* GraphEditorSuiUITests.swift */,
				4C7FADE42C81C4AF00C0C6F5 /* GraphEditorSuiUITestsLaunchTests.swift */,
			);
			path = GraphEditorSuiUITests;
			sourceTree = "<group>";
		};
/* End PBXGroup section */

/* Begin PBXNativeTarget section */
		4C7FADC32C81C4AE00C0C6F5 /* GraphEditorSui */ = {
			isa = PBXNativeTarget;
			buildConfigurationList = 4C7FADE82C81C4AF00C0C6F5 /* Build configuration list for PBXNativeTarget "GraphEditorSui" */;
			buildPhases = (
				4C7FADC02C81C4AE00C0C6F5 /* Sources */,
				4C7FADC12C81C4AE00C0C6F5 /* Frameworks */,
				4C7FADC22C81C4AE00C0C6F5 /* Resources */,
			);
			buildRules = (
			);
			dependencies = (
			);
			name = GraphEditorSui;
			productName = GraphEditorSui;
			productReference = 4C7FADC42C81C4AE00C0C6F5 /* GraphEditorSui.app */;
			productType = "com.apple.product-type.application";
		};
		4C7FADD32C81C4AF00C0C6F5 /* GraphEditorSuiTests */ = {
			isa = PBXNativeTarget;
			buildConfigurationList = 4C7FADEB2C81C4AF00C0C6F5 /* Build configuration list for PBXNativeTarget "GraphEditorSuiTests" */;
			buildPhases = (
				4C7FADD02C81C4AF00C0C6F5 /* Sources */,
				4C7FADD12C81C4AF00C0C6F5 /* Frameworks */,
				4C7FADD22C81C4AF00C0C6F5 /* Resources */,
			);
			buildRules = (
			);
			dependencies = (
				4C7FADD62C81C4AF00C0C6F5 /* PBXTargetDependency */,
			);
			name = GraphEditorSuiTests;
			productName = GraphEditorSuiTests;
			productReference = 4C7FADD42C81C4AF00C0C6F5 /* GraphEditorSuiTests.xctest */;
			productType = "com.apple.product-type.bundle.unit-test";
		};
		4C7FADDD2C81C4AF00C0C6F5 /* GraphEditorSuiUITests */ = {
			isa = PBXNativeTarget;
			buildConfigurationList = 4C7FADEE2C81C4AF00C0C6F5 /* Build configuration list for PBXNativeTarget "GraphEditorSuiUITests" */;
			buildPhases = (
				4C7FADDA2C81C4AF00C0C6F5 /* Sources */,
				4C7FADDB2C81C4AF00C0C6F5 /* Frameworks */,
				4C7FADDC2C81C4AF00C0C6F5 /* Resources */,
			);
			buildRules = (
			);
			dependencies = (
				4C7FADE02C81C4AF00C0C6F5 /* PBXTargetDependency */,
			);
			name = GraphEditorSuiUITests;
			productName = GraphEditorSuiUITests;
			productReference = 4C7FADDE2C81C4AF00C0C6F5 /* GraphEditorSuiUITests.xctest */;
			productType = "com.apple.product-type.bundle.ui-testing";
		};
/* End PBXNativeTarget section */

/* Begin PBXProject section */
		4C7FADBC2C81C4AE00C0C6F5 /* Project object */ = {
			isa = PBXProject;
			attributes = {
				BuildIndependentTargetsInParallel = 1;
				LastSwiftUpdateCheck = 1540;
				LastUpgradeCheck = 1540;
				TargetAttributes = {
					4C7FADC32C81C4AE00C0C6F5 = {
						CreatedOnToolsVersion = 15.4;
					};
					4C7FADD32C81C4AF00C0C6F5 = {
						CreatedOnToolsVersion = 15.4;
						TestTargetID = 4C7FADC32C81C4AE00C0C6F5;
					};
					4C7FADDD2C81C4AF00C0C6F5 = {
						CreatedOnToolsVersion = 15.4;
						TestTargetID = 4C7FADC32C81C4AE00C0C6F5;
					};
				};
			};
			buildConfigurationList = 4C7FADBF2C81C4AE00C0C6F5 /* Build configuration list for PBXProject "GraphEditorSui" */;
			compatibilityVersion = "Xcode 14.0";
			developmentRegion = en;
			hasScannedForEncodings = 0;
			knownRegions = (
				en,
				Base,
			);
			mainGroup = 4C7FADBB2C81C4AE00C0C6F5;
			productRefGroup = 4C7FADC52C81C4AE00C0C6F5 /* Products */;
			projectDirPath = "";
			projectRoot = "";
			targets = (
				4C7FADC32C81C4AE00C0C6F5 /* GraphEditorSui */,
				4C7FADD32C81C4AF00C0C6F5 /* GraphEditorSuiTests */,
				4C7FADDD2C81C4AF00C0C6F5 /* GraphEditorSuiUITests */,
			);
		};
/* End PBXProject section */

/* Begin PBXResourcesBuildPhase section */
		4C7FADC22C81C4AE00C0C6F5 /* Resources */ = {
			isa = PBXResourcesBuildPhase;
			buildActionMask = 2147483647;
			files = (
				4C7FADCF2C81C4AF00C0C6F5 /* Preview Assets.xcassets in Resources */,
				4C7FADCC2C81C4AF00C0C6F5 /* Assets.xcassets in Resources */,
			);
			runOnlyForDeploymentPostprocessing = 0;
		};
		4C7FADD22C81C4AF00C0C6F5 /* Resources */ = {
			isa = PBXResourcesBuildPhase;
			buildActionMask = 2147483647;
			files = (
			);
			runOnlyForDeploymentPostprocessing = 0;
		};
		4C7FADDC2C81C4AF00C0C6F5 /* Resources */ = {
			isa = PBXResourcesBuildPhase;
			buildActionMask = 2147483647;
			files = (
			);
			runOnlyForDeploymentPostprocessing = 0;
		};
/* End PBXResourcesBuildPhase section */

/* Begin PBXSourcesBuildPhase section */
		4C7FADC02C81C4AE00C0C6F5 /* Sources */ = {
			isa = PBXSourcesBuildPhase;
			buildActionMask = 2147483647;
			files = (
				4C584E3C2C91BDA8008275B3 /* MoveState.swift in Sources */,
				4C584E512C9427C3008275B3 /* Constants.swift in Sources */,
				4C584E4F2C9423E6008275B3 /* ResizeCommand.swift in Sources */,
				4C7FADCA2C81C4AE00C0C6F5 /* ContentView.swift in Sources */,
				4C584E362C91825A008275B3 /* DragState.swift in Sources */,
				4C7FADC82C81C4AE00C0C6F5 /* GraphEditorSuiApp.swift in Sources */,
				4C7FADF42C81E79C00C0C6F5 /* SelectionModel.swift in Sources */,
				4C584E3A2C919ED6008275B3 /* ZoomState.swift in Sources */,
				4C584E472C9315F6008275B3 /* Sequence.swift in Sources */,
				4C584E492C931A57008275B3 /* AddSymbolCommand.swift in Sources */,
				4C584E302C907E2C008275B3 /* SymbolsListView.swift in Sources */,
				4C7FADF62C85E56D00C0C6F5 /* StateMachine.swift in Sources */,
				4C584E282C907CB1008275B3 /* SelectionHandleHandler.swift in Sources */,
				4C584E452C92F89B008275B3 /* CommandManager.swift in Sources */,
				4C584E402C92CF2E008275B3 /* ResizeState.swift in Sources */,
				4C584E382C918287008275B3 /* SelectionState.swift in Sources */,
				4C584E2E2C907D86008275B3 /* GraphViewModel.swift in Sources */,
				4C584E3E2C91C0EF008275B3 /* LasoSelectionState.swift in Sources */,
				4C584E4D2C941A0B008275B3 /* DeleteCommand.swift in Sources */,
				4C584E4B2C931FB6008275B3 /* MoveSymbolsCommand.swift in Sources */,
				4C7FADF22C81C58700C0C6F5 /* CGGeometry.swift in Sources */,
				4C584E262C9041D1008275B3 /* GraphView.swift in Sources */,
			);
			runOnlyForDeploymentPostprocessing = 0;
		};
		4C7FADD02C81C4AF00C0C6F5 /* Sources */ = {
			isa = PBXSourcesBuildPhase;
			buildActionMask = 2147483647;
			files = (
				4C7FADD92C81C4AF00C0C6F5 /* GraphEditorSuiTests.swift in Sources */,
			);
			runOnlyForDeploymentPostprocessing = 0;
		};
		4C7FADDA2C81C4AF00C0C6F5 /* Sources */ = {
			isa = PBXSourcesBuildPhase;
			buildActionMask = 2147483647;
			files = (
				4C7FADE52C81C4AF00C0C6F5 /* GraphEditorSuiUITestsLaunchTests.swift in Sources */,
				4C7FADE32C81C4AF00C0C6F5 /* GraphEditorSuiUITests.swift in Sources */,
			);
			runOnlyForDeploymentPostprocessing = 0;
		};
/* End PBXSourcesBuildPhase section */

/* Begin PBXTargetDependency section */
		4C7FADD62C81C4AF00C0C6F5 /* PBXTargetDependency */ = {
			isa = PBXTargetDependency;
			target = 4C7FADC32C81C4AE00C0C6F5 /* GraphEditorSui */;
			targetProxy = 4C7FADD52C81C4AF00C0C6F5 /* PBXContainerItemProxy */;
		};
		4C7FADE02C81C4AF00C0C6F5 /* PBXTargetDependency */ = {
			isa = PBXTargetDependency;
			target = 4C7FADC32C81C4AE00C0C6F5 /* GraphEditorSui */;
			targetProxy = 4C7FADDF2C81C4AF00C0C6F5 /* PBXContainerItemProxy */;
		};
/* End PBXTargetDependency section */

/* Begin XCBuildConfiguration section */
		4C7FADE62C81C4AF00C0C6F5 /* Debug */ = {
			isa = XCBuildConfiguration;
			buildSettings = {
				ALWAYS_SEARCH_USER_PATHS = NO;
				ASSETCATALOG_COMPILER_GENERATE_SWIFT_ASSET_SYMBOL_EXTENSIONS = YES;
				CLANG_ANALYZER_NONNULL = YES;
				CLANG_ANALYZER_NUMBER_OBJECT_CONVERSION = YES_AGGRESSIVE;
				CLANG_CXX_LANGUAGE_STANDARD = "gnu++20";
				CLANG_ENABLE_MODULES = YES;
				CLANG_ENABLE_OBJC_ARC = YES;
				CLANG_ENABLE_OBJC_WEAK = YES;
				CLANG_WARN_BLOCK_CAPTURE_AUTORELEASING = YES;
				CLANG_WARN_BOOL_CONVERSION = YES;
				CLANG_WARN_COMMA = YES;
				CLANG_WARN_CONSTANT_CONVERSION = YES;
				CLANG_WARN_DEPRECATED_OBJC_IMPLEMENTATIONS = YES;
				CLANG_WARN_DIRECT_OBJC_ISA_USAGE = YES_ERROR;
				CLANG_WARN_DOCUMENTATION_COMMENTS = YES;
				CLANG_WARN_EMPTY_BODY = YES;
				CLANG_WARN_ENUM_CONVERSION = YES;
				CLANG_WARN_INFINITE_RECURSION = YES;
				CLANG_WARN_INT_CONVERSION = YES;
				CLANG_WARN_NON_LITERAL_NULL_CONVERSION = YES;
				CLANG_WARN_OBJC_IMPLICIT_RETAIN_SELF = YES;
				CLANG_WARN_OBJC_LITERAL_CONVERSION = YES;
				CLANG_WARN_OBJC_ROOT_CLASS = YES_ERROR;
				CLANG_WARN_QUOTED_INCLUDE_IN_FRAMEWORK_HEADER = YES;
				CLANG_WARN_RANGE_LOOP_ANALYSIS = YES;
				CLANG_WARN_STRICT_PROTOTYPES = YES;
				CLANG_WARN_SUSPICIOUS_MOVE = YES;
				CLANG_WARN_UNGUARDED_AVAILABILITY = YES_AGGRESSIVE;
				CLANG_WARN_UNREACHABLE_CODE = YES;
				CLANG_WARN__DUPLICATE_METHOD_MATCH = YES;
				COPY_PHASE_STRIP = NO;
				DEBUG_INFORMATION_FORMAT = dwarf;
				ENABLE_STRICT_OBJC_MSGSEND = YES;
				ENABLE_TESTABILITY = YES;
				ENABLE_USER_SCRIPT_SANDBOXING = YES;
				GCC_C_LANGUAGE_STANDARD = gnu17;
				GCC_DYNAMIC_NO_PIC = NO;
				GCC_NO_COMMON_BLOCKS = YES;
				GCC_OPTIMIZATION_LEVEL = 0;
				GCC_PREPROCESSOR_DEFINITIONS = (
					"DEBUG=1",
					"$(inherited)",
				);
				GCC_WARN_64_TO_32_BIT_CONVERSION = YES;
				GCC_WARN_ABOUT_RETURN_TYPE = YES_ERROR;
				GCC_WARN_UNDECLARED_SELECTOR = YES;
				GCC_WARN_UNINITIALIZED_AUTOS = YES_AGGRESSIVE;
				GCC_WARN_UNUSED_FUNCTION = YES;
				GCC_WARN_UNUSED_VARIABLE = YES;
				IPHONEOS_DEPLOYMENT_TARGET = 17.5;
				LOCALIZATION_PREFERS_STRING_CATALOGS = YES;
				MTL_ENABLE_DEBUG_INFO = INCLUDE_SOURCE;
				MTL_FAST_MATH = YES;
				ONLY_ACTIVE_ARCH = YES;
				SDKROOT = iphoneos;
				SWIFT_ACTIVE_COMPILATION_CONDITIONS = "DEBUG $(inherited)";
				SWIFT_OPTIMIZATION_LEVEL = "-Onone";
			};
			name = Debug;
		};
		4C7FADE72C81C4AF00C0C6F5 /* Release */ = {
			isa = XCBuildConfiguration;
			buildSettings = {
				ALWAYS_SEARCH_USER_PATHS = NO;
				ASSETCATALOG_COMPILER_GENERATE_SWIFT_ASSET_SYMBOL_EXTENSIONS = YES;
				CLANG_ANALYZER_NONNULL = YES;
				CLANG_ANALYZER_NUMBER_OBJECT_CONVERSION = YES_AGGRESSIVE;
				CLANG_CXX_LANGUAGE_STANDARD = "gnu++20";
				CLANG_ENABLE_MODULES = YES;
				CLANG_ENABLE_OBJC_ARC = YES;
				CLANG_ENABLE_OBJC_WEAK = YES;
				CLANG_WARN_BLOCK_CAPTURE_AUTORELEASING = YES;
				CLANG_WARN_BOOL_CONVERSION = YES;
				CLANG_WARN_COMMA = YES;
				CLANG_WARN_CONSTANT_CONVERSION = YES;
				CLANG_WARN_DEPRECATED_OBJC_IMPLEMENTATIONS = YES;
				CLANG_WARN_DIRECT_OBJC_ISA_USAGE = YES_ERROR;
				CLANG_WARN_DOCUMENTATION_COMMENTS = YES;
				CLANG_WARN_EMPTY_BODY = YES;
				CLANG_WARN_ENUM_CONVERSION = YES;
				CLANG_WARN_INFINITE_RECURSION = YES;
				CLANG_WARN_INT_CONVERSION = YES;
				CLANG_WARN_NON_LITERAL_NULL_CONVERSION = YES;
				CLANG_WARN_OBJC_IMPLICIT_RETAIN_SELF = YES;
				CLANG_WARN_OBJC_LITERAL_CONVERSION = YES;
				CLANG_WARN_OBJC_ROOT_CLASS = YES_ERROR;
				CLANG_WARN_QUOTED_INCLUDE_IN_FRAMEWORK_HEADER = YES;
				CLANG_WARN_RANGE_LOOP_ANALYSIS = YES;
				CLANG_WARN_STRICT_PROTOTYPES = YES;
				CLANG_WARN_SUSPICIOUS_MOVE = YES;
				CLANG_WARN_UNGUARDED_AVAILABILITY = YES_AGGRESSIVE;
				CLANG_WARN_UNREACHABLE_CODE = YES;
				CLANG_WARN__DUPLICATE_METHOD_MATCH = YES;
				COPY_PHASE_STRIP = NO;
				DEBUG_INFORMATION_FORMAT = "dwarf-with-dsym";
				ENABLE_NS_ASSERTIONS = NO;
				ENABLE_STRICT_OBJC_MSGSEND = YES;
				ENABLE_USER_SCRIPT_SANDBOXING = YES;
				GCC_C_LANGUAGE_STANDARD = gnu17;
				GCC_NO_COMMON_BLOCKS = YES;
				GCC_WARN_64_TO_32_BIT_CONVERSION = YES;
				GCC_WARN_ABOUT_RETURN_TYPE = YES_ERROR;
				GCC_WARN_UNDECLARED_SELECTOR = YES;
				GCC_WARN_UNINITIALIZED_AUTOS = YES_AGGRESSIVE;
				GCC_WARN_UNUSED_FUNCTION = YES;
				GCC_WARN_UNUSED_VARIABLE = YES;
				IPHONEOS_DEPLOYMENT_TARGET = 17.5;
				LOCALIZATION_PREFERS_STRING_CATALOGS = YES;
				MTL_ENABLE_DEBUG_INFO = NO;
				MTL_FAST_MATH = YES;
				SDKROOT = iphoneos;
				SWIFT_COMPILATION_MODE = wholemodule;
				VALIDATE_PRODUCT = YES;
			};
			name = Release;
		};
		4C7FADE92C81C4AF00C0C6F5 /* Debug */ = {
			isa = XCBuildConfiguration;
			buildSettings = {
				ASSETCATALOG_COMPILER_APPICON_NAME = AppIcon;
				ASSETCATALOG_COMPILER_GLOBAL_ACCENT_COLOR_NAME = AccentColor;
				CODE_SIGN_STYLE = Automatic;
				CURRENT_PROJECT_VERSION = 1;
				DEVELOPMENT_ASSET_PATHS = "\"GraphEditorSui/Preview Content\"";
				ENABLE_PREVIEWS = YES;
				GENERATE_INFOPLIST_FILE = YES;
				INFOPLIST_KEY_UIApplicationSceneManifest_Generation = YES;
				INFOPLIST_KEY_UIApplicationSupportsIndirectInputEvents = YES;
				INFOPLIST_KEY_UILaunchScreen_Generation = YES;
				INFOPLIST_KEY_UISupportedInterfaceOrientations_iPad = "UIInterfaceOrientationPortrait UIInterfaceOrientationPortraitUpsideDown UIInterfaceOrientationLandscapeLeft UIInterfaceOrientationLandscapeRight";
				INFOPLIST_KEY_UISupportedInterfaceOrientations_iPhone = "UIInterfaceOrientationPortrait UIInterfaceOrientationLandscapeLeft UIInterfaceOrientationLandscapeRight";
				LD_RUNPATH_SEARCH_PATHS = (
					"$(inherited)",
					"@executable_path/Frameworks",
				);
				MARKETING_VERSION = 1.0;
				PRODUCT_BUNDLE_IDENTIFIER = is.symphony.GraphEditorSui;
				PRODUCT_NAME = "$(TARGET_NAME)";
				SWIFT_EMIT_LOC_STRINGS = YES;
				SWIFT_VERSION = 5.0;
				TARGETED_DEVICE_FAMILY = "1,2";
			};
			name = Debug;
		};
		4C7FADEA2C81C4AF00C0C6F5 /* Release */ = {
			isa = XCBuildConfiguration;
			buildSettings = {
				ASSETCATALOG_COMPILER_APPICON_NAME = AppIcon;
				ASSETCATALOG_COMPILER_GLOBAL_ACCENT_COLOR_NAME = AccentColor;
				CODE_SIGN_STYLE = Automatic;
				CURRENT_PROJECT_VERSION = 1;
				DEVELOPMENT_ASSET_PATHS = "\"GraphEditorSui/Preview Content\"";
				ENABLE_PREVIEWS = YES;
				GENERATE_INFOPLIST_FILE = YES;
				INFOPLIST_KEY_UIApplicationSceneManifest_Generation = YES;
				INFOPLIST_KEY_UIApplicationSupportsIndirectInputEvents = YES;
				INFOPLIST_KEY_UILaunchScreen_Generation = YES;
				INFOPLIST_KEY_UISupportedInterfaceOrientations_iPad = "UIInterfaceOrientationPortrait UIInterfaceOrientationPortraitUpsideDown UIInterfaceOrientationLandscapeLeft UIInterfaceOrientationLandscapeRight";
				INFOPLIST_KEY_UISupportedInterfaceOrientations_iPhone = "UIInterfaceOrientationPortrait UIInterfaceOrientationLandscapeLeft UIInterfaceOrientationLandscapeRight";
				LD_RUNPATH_SEARCH_PATHS = (
					"$(inherited)",
					"@executable_path/Frameworks",
				);
				MARKETING_VERSION = 1.0;
				PRODUCT_BUNDLE_IDENTIFIER = is.symphony.GraphEditorSui;
				PRODUCT_NAME = "$(TARGET_NAME)";
				SWIFT_EMIT_LOC_STRINGS = YES;
				SWIFT_VERSION = 5.0;
				TARGETED_DEVICE_FAMILY = "1,2";
			};
			name = Release;
		};
		4C7FADEC2C81C4AF00C0C6F5 /* Debug */ = {
			isa = XCBuildConfiguration;
			buildSettings = {
				ALWAYS_EMBED_SWIFT_STANDARD_LIBRARIES = YES;
				BUNDLE_LOADER = "$(TEST_HOST)";
				CODE_SIGN_STYLE = Automatic;
				CURRENT_PROJECT_VERSION = 1;
				GENERATE_INFOPLIST_FILE = YES;
				IPHONEOS_DEPLOYMENT_TARGET = 17.5;
				MARKETING_VERSION = 1.0;
				PRODUCT_BUNDLE_IDENTIFIER = is.symphony.GraphEditorSuiTests;
				PRODUCT_NAME = "$(TARGET_NAME)";
				SWIFT_EMIT_LOC_STRINGS = NO;
				SWIFT_VERSION = 5.0;
				TARGETED_DEVICE_FAMILY = "1,2";
				TEST_HOST = "$(BUILT_PRODUCTS_DIR)/GraphEditorSui.app/$(BUNDLE_EXECUTABLE_FOLDER_PATH)/GraphEditorSui";
			};
			name = Debug;
		};
		4C7FADED2C81C4AF00C0C6F5 /* Release */ = {
			isa = XCBuildConfiguration;
			buildSettings = {
				ALWAYS_EMBED_SWIFT_STANDARD_LIBRARIES = YES;
				BUNDLE_LOADER = "$(TEST_HOST)";
				CODE_SIGN_STYLE = Automatic;
				CURRENT_PROJECT_VERSION = 1;
				GENERATE_INFOPLIST_FILE = YES;
				IPHONEOS_DEPLOYMENT_TARGET = 17.5;
				MARKETING_VERSION = 1.0;
				PRODUCT_BUNDLE_IDENTIFIER = is.symphony.GraphEditorSuiTests;
				PRODUCT_NAME = "$(TARGET_NAME)";
				SWIFT_EMIT_LOC_STRINGS = NO;
				SWIFT_VERSION = 5.0;
				TARGETED_DEVICE_FAMILY = "1,2";
				TEST_HOST = "$(BUILT_PRODUCTS_DIR)/GraphEditorSui.app/$(BUNDLE_EXECUTABLE_FOLDER_PATH)/GraphEditorSui";
			};
			name = Release;
		};
		4C7FADEF2C81C4AF00C0C6F5 /* Debug */ = {
			isa = XCBuildConfiguration;
			buildSettings = {
				ALWAYS_EMBED_SWIFT_STANDARD_LIBRARIES = YES;
				CODE_SIGN_STYLE = Automatic;
				CURRENT_PROJECT_VERSION = 1;
				GENERATE_INFOPLIST_FILE = YES;
				MARKETING_VERSION = 1.0;
				PRODUCT_BUNDLE_IDENTIFIER = is.symphony.GraphEditorSuiUITests;
				PRODUCT_NAME = "$(TARGET_NAME)";
				SWIFT_EMIT_LOC_STRINGS = NO;
				SWIFT_VERSION = 5.0;
				TARGETED_DEVICE_FAMILY = "1,2";
				TEST_TARGET_NAME = GraphEditorSui;
			};
			name = Debug;
		};
		4C7FADF02C81C4AF00C0C6F5 /* Release */ = {
			isa = XCBuildConfiguration;
			buildSettings = {
				ALWAYS_EMBED_SWIFT_STANDARD_LIBRARIES = YES;
				CODE_SIGN_STYLE = Automatic;
				CURRENT_PROJECT_VERSION = 1;
				GENERATE_INFOPLIST_FILE = YES;
				MARKETING_VERSION = 1.0;
				PRODUCT_BUNDLE_IDENTIFIER = is.symphony.GraphEditorSuiUITests;
				PRODUCT_NAME = "$(TARGET_NAME)";
				SWIFT_EMIT_LOC_STRINGS = NO;
				SWIFT_VERSION = 5.0;
				TARGETED_DEVICE_FAMILY = "1,2";
				TEST_TARGET_NAME = GraphEditorSui;
			};
			name = Release;
		};
/* End XCBuildConfiguration section */

/* Begin XCConfigurationList section */
		4C7FADBF2C81C4AE00C0C6F5 /* Build configuration list for PBXProject "GraphEditorSui" */ = {
			isa = XCConfigurationList;
			buildConfigurations = (
				4C7FADE62C81C4AF00C0C6F5 /* Debug */,
				4C7FADE72C81C4AF00C0C6F5 /* Release */,
			);
			defaultConfigurationIsVisible = 0;
			defaultConfigurationName = Release;
		};
		4C7FADE82C81C4AF00C0C6F5 /* Build configuration list for PBXNativeTarget "GraphEditorSui" */ = {
			isa = XCConfigurationList;
			buildConfigurations = (
				4C7FADE92C81C4AF00C0C6F5 /* Debug */,
				4C7FADEA2C81C4AF00C0C6F5 /* Release */,
			);
			defaultConfigurationIsVisible = 0;
			defaultConfigurationName = Release;
		};
		4C7FADEB2C81C4AF00C0C6F5 /* Build configuration list for PBXNativeTarget "GraphEditorSuiTests" */ = {
			isa = XCConfigurationList;
			buildConfigurations = (
				4C7FADEC2C81C4AF00C0C6F5 /* Debug */,
				4C7FADED2C81C4AF00C0C6F5 /* Release */,
			);
			defaultConfigurationIsVisible = 0;
			defaultConfigurationName = Release;
		};
		4C7FADEE2C81C4AF00C0C6F5 /* Build configuration list for PBXNativeTarget "GraphEditorSuiUITests" */ = {
			isa = XCConfigurationList;
			buildConfigurations = (
				4C7FADEF2C81C4AF00C0C6F5 /* Debug */,
				4C7FADF02C81C4AF00C0C6F5 /* Release */,
			);
			defaultConfigurationIsVisible = 0;
			defaultConfigurationName = Release;
		};
/* End XCConfigurationList section */
	};
	rootObject = 4C7FADBC2C81C4AE00C0C6F5 /* Project object */;
}
